
Microsoft Visual Studio Solution File, Format Version 12.00
# Visual Studio Version 16
VisualStudioVersion = 16.0.29806.167
MinimumVisualStudioVersion = 10.0.40219.1
Project("{2150E333-8FDC-42A3-9474-1A3956D46DE8}") = "Solution Items", "Solution Items", "{31E96766-39CC-4CF7-B5CB-442F01A3A524}"
	ProjectSection(SolutionItems) = preProject
		.EDITORCONFIG = .EDITORCONFIG
		build\build.props = build\build.props
		LICENSE = LICENSE
		build\package.props = build\package.props
		README.md = README.md
	EndProjectSection
EndProject
Project("{9A19103F-16F7-4668-BE54-9A1E7A4F7556}") = "ActiveScheduler", "src\ActiveScheduler\ActiveScheduler.csproj", "{E57CCBCA-F599-4909-8270-832B7B76292A}"
EndProject
Project("{FAE04EC0-301F-11D3-BF4B-00C04F79EFBC}") = "ActiveScheduler.SqlServer", "src\ActiveScheduler.SqlServer\ActiveScheduler.SqlServer.csproj", "{82E6C9A7-910F-4244-9C9D-096EBACF759E}"
EndProject
Global
	GlobalSection(SolutionConfigurationPlatforms) = preSolution
		Debug|Any CPU = Debug|Any CPU
		Package|Any CPU = Package|Any CPU
		Release|Any CPU = Release|Any CPU
	EndGlobalSection
	GlobalSection(ProjectConfigurationPlatforms) = postSolution
		{E57CCBCA-F599-4909-8270-832B7B76292A}.Debug|Any CPU.ActiveCfg = Debug|Any CPU
		{E57CCBCA-F599-4909-8270-832B7B76292A}.Debug|Any CPU.Build.0 = Debug|Any CPU
		{E57CCBCA-F599-4909-8270-832B7B76292A}.Package|Any CPU.ActiveCfg = Package|Any CPU
		{E57CCBCA-F599-4909-8270-832B7B76292A}.Package|Any CPU.Build.0 = Package|Any CPU
		{E57CCBCA-F599-4909-8270-832B7B76292A}.Release|Any CPU.ActiveCfg = Release|Any CPU
		{E57CCBCA-F599-4909-8270-832B7B76292A}.Release|Any CPU.Build.0 = Release|Any CPU
		{82E6C9A7-910F-4244-9C9D-096EBACF759E}.Debug|Any CPU.ActiveCfg = Debug|Any CPU
		{82E6C9A7-910F-4244-9C9D-096EBACF759E}.Debug|Any CPU.Build.0 = Debug|Any CPU
		{82E6C9A7-910F-4244-9C9D-096EBACF759E}.Package|Any CPU.ActiveCfg = Debug|Any CPU
		{82E6C9A7-910F-4244-9C9D-096EBACF759E}.Package|Any CPU.Build.0 = Debug|Any CPU
		{82E6C9A7-910F-4244-9C9D-096EBACF759E}.Release|Any CPU.ActiveCfg = Release|Any CPU
		{82E6C9A7-910F-4244-9C9D-096EBACF759E}.Release|Any CPU.Build.0 = Release|Any CPU
	EndGlobalSection
	GlobalSection(SolutionProperties) = preSolution
		HideSolutionNode = FALSE
	EndGlobalSection
	GlobalSection(ExtensibilityGlobals) = postSolution
		SolutionGuid = {14CF596F-985E-49E4-A0FE-50FA0D1FF4D9}
	EndGlobalSection
EndGlobal
